
Microsoft Visual Studio Solution File, Format Version 12.00
# Visual Studio Version 17
VisualStudioVersion = 17.11.35208.52
MinimumVisualStudioVersion = 10.0.40219.1
Project("{9A19103F-16F7-4668-BE54-9A1E7A4F7556}") = "LinkExpiry", "LinkExpiry\LinkExpiry.csproj", "{64B62FE6-E948-4A48-8ABE-CB97A1C8EC1E}"
EndProject
Project("{FAE04EC0-301F-11D3-BF4B-00C04F79EFBC}") = "LinkApi", "..\LinkApi\LinkApi.csproj", "{4388A5ED-F0D4-43E3-AF1B-AD68143B9918}"
EndProject
Global
	GlobalSection(SolutionConfigurationPlatforms) = preSolution
		Debug|Any CPU = Debug|Any CPU
		Release|Any CPU = Release|Any CPU
	EndGlobalSection
	GlobalSection(ProjectConfigurationPlatforms) = postSolution
		{64B62FE6-E948-4A48-8ABE-CB97A1C8EC1E}.Debug|Any CPU.ActiveCfg = Debug|Any CPU
		{64B62FE6-E948-4A48-8ABE-CB97A1C8EC1E}.Debug|Any CPU.Build.0 = Debug|Any CPU
		{64B62FE6-E948-4A48-8ABE-CB97A1C8EC1E}.Release|Any CPU.ActiveCfg = Release|Any CPU
		{64B62FE6-E948-4A48-8ABE-CB97A1C8EC1E}.Release|Any CPU.Build.0 = Release|Any CPU
		{4388A5ED-F0D4-43E3-AF1B-AD68143B9918}.Debug|Any CPU.ActiveCfg = Debug|Any CPU
		{4388A5ED-F0D4-43E3-AF1B-AD68143B9918}.Debug|Any CPU.Build.0 = Debug|Any CPU
		{4388A5ED-F0D4-43E3-AF1B-AD68143B9918}.Release|Any CPU.ActiveCfg = Release|Any CPU
		{4388A5ED-F0D4-43E3-AF1B-AD68143B9918}.Release|Any CPU.Build.0 = Release|Any CPU
	EndGlobalSection
	GlobalSection(SolutionProperties) = preSolution
		HideSolutionNode = FALSE
	EndGlobalSection
	GlobalSection(ExtensibilityGlobals) = postSolution
		SolutionGuid = {A830B546-B93E-480B-9684-32E9651A44CD}
	EndGlobalSection
EndGlobal
